
Microsoft Visual Studio Solution File, Format Version 12.00
# Visual Studio 14
VisualStudioVersion = 14.0.25420.1
MinimumVisualStudioVersion = 10.0.40219.1
Project("{FAE04EC0-301F-11D3-BF4B-00C04F79EFBC}") = "libcompiler", "libcompiler\libcompiler.csproj", "{249AA939-BC96-470B-891F-CED708E7263C}"
EndProject
Project("{2150E333-8FDC-42A3-9474-1A3956D46DE8}") = "external_dependencies", "external_dependencies", "{3B07992D-CDF8-422D-8C0E-F21583A506E8}"
EndProject
Project("{FAE04EC0-301F-11D3-BF4B-00C04F79EFBC}") = "Antlr4.Runtime.vs2013", "external_dependencies\antlr4\runtime\CSharp\runtime\CSharp\Antlr4.Runtime\Antlr4.Runtime.vs2013.csproj", "{E1A46D9D-66CB-46E8-93B0-7FC87299ABEF}"
EndProject
Project("{FAE04EC0-301F-11D3-BF4B-00C04F79EFBC}") = "compilerconsolehost", "compilerconsolehost\compilerconsolehost.csproj", "{3596D894-5514-41C4-AE2C-EE366E355A8A}"
EndProject
Project("{FAE04EC0-301F-11D3-BF4B-00C04F79EFBC}") = "libcompiler.Tests", "libcompiler.Tests\libcompiler.Tests.csproj", "{4A3C9C96-C3F9-4946-8974-B4F8B79A0AA9}"
EndProject
Global
	GlobalSection(SolutionConfigurationPlatforms) = preSolution
		Debug|Any CPU = Debug|Any CPU
		Release|Any CPU = Release|Any CPU
	EndGlobalSection
	GlobalSection(ProjectConfigurationPlatforms) = postSolution
		{249AA939-BC96-470B-891F-CED708E7263C}.Debug|Any CPU.ActiveCfg = Debug|Any CPU
		{249AA939-BC96-470B-891F-CED708E7263C}.Debug|Any CPU.Build.0 = Debug|Any CPU
		{249AA939-BC96-470B-891F-CED708E7263C}.Release|Any CPU.ActiveCfg = Release|Any CPU
		{249AA939-BC96-470B-891F-CED708E7263C}.Release|Any CPU.Build.0 = Release|Any CPU
		{E1A46D9D-66CB-46E8-93B0-7FC87299ABEF}.Debug|Any CPU.ActiveCfg = Debug|Any CPU
		{E1A46D9D-66CB-46E8-93B0-7FC87299ABEF}.Debug|Any CPU.Build.0 = Debug|Any CPU
		{E1A46D9D-66CB-46E8-93B0-7FC87299ABEF}.Release|Any CPU.ActiveCfg = Release|Any CPU
		{E1A46D9D-66CB-46E8-93B0-7FC87299ABEF}.Release|Any CPU.Build.0 = Release|Any CPU
		{3596D894-5514-41C4-AE2C-EE366E355A8A}.Debug|Any CPU.ActiveCfg = Debug|Any CPU
		{3596D894-5514-41C4-AE2C-EE366E355A8A}.Debug|Any CPU.Build.0 = Debug|Any CPU
		{3596D894-5514-41C4-AE2C-EE366E355A8A}.Release|Any CPU.ActiveCfg = Release|Any CPU
		{3596D894-5514-41C4-AE2C-EE366E355A8A}.Release|Any CPU.Build.0 = Release|Any CPU
		{4A3C9C96-C3F9-4946-8974-B4F8B79A0AA9}.Debug|Any CPU.ActiveCfg = Debug|Any CPU
		{4A3C9C96-C3F9-4946-8974-B4F8B79A0AA9}.Debug|Any CPU.Build.0 = Debug|Any CPU
		{4A3C9C96-C3F9-4946-8974-B4F8B79A0AA9}.Release|Any CPU.ActiveCfg = Release|Any CPU
		{4A3C9C96-C3F9-4946-8974-B4F8B79A0AA9}.Release|Any CPU.Build.0 = Release|Any CPU
	EndGlobalSection
	GlobalSection(SolutionProperties) = preSolution
		HideSolutionNode = FALSE
	EndGlobalSection
	GlobalSection(NestedProjects) = preSolution
		{E1A46D9D-66CB-46E8-93B0-7FC87299ABEF} = {3B07992D-CDF8-422D-8C0E-F21583A506E8}
	EndGlobalSection
EndGlobal
